
Microsoft Visual Studio Solution File, Format Version 12.00
# Visual Studio Version 17
VisualStudioVersion = 17.5.33516.290
MinimumVisualStudioVersion = 10.0.40219.1
Project("{FAE04EC0-301F-11D3-BF4B-00C04F79EFBC}") = "7", "7\7.csproj", "{F739A5BE-E4DE-4907-BD26-37DE7AB3A777}"
EndProject
Global
	GlobalSection(SolutionConfigurationPlatforms) = preSolution
		Debug|Any CPU = Debug|Any CPU
		Release|Any CPU = Release|Any CPU
	EndGlobalSection
	GlobalSection(ProjectConfigurationPlatforms) = postSolution
		{F739A5BE-E4DE-4907-BD26-37DE7AB3A777}.Debug|Any CPU.ActiveCfg = Debug|Any CPU
		{F739A5BE-E4DE-4907-BD26-37DE7AB3A777}.Debug|Any CPU.Build.0 = Debug|Any CPU
		{F739A5BE-E4DE-4907-BD26-37DE7AB3A777}.Release|Any CPU.ActiveCfg = Release|Any CPU
		{F739A5BE-E4DE-4907-BD26-37DE7AB3A777}.Release|Any CPU.Build.0 = Release|Any CPU
	EndGlobalSection
	GlobalSection(SolutionProperties) = preSolution
		HideSolutionNode = FALSE
	EndGlobalSection
	GlobalSection(ExtensibilityGlobals) = postSolution
		SolutionGuid = {0C988C8C-C8DE-4309-8600-8C169AEC5655}
	EndGlobalSection
EndGlobal
